
Microsoft Visual Studio Solution File, Format Version 12.00
# Visual Studio Version 16
VisualStudioVersion = 16.0.29209.152
MinimumVisualStudioVersion = 10.0.40219.1
Project("{9A19103F-16F7-4668-BE54-9A1E7A4F7556}") = "GfxRenderer.WinForms", "GfxRenderer.WinForms\GfxRenderer.WinForms.csproj", "{5CCEF6E1-FAD6-4F04-B17C-F53EFB29F58C}"
EndProject
Project("{9A19103F-16F7-4668-BE54-9A1E7A4F7556}") = "GfxRenderer.Lib", "GfxRenderer.Lib\GfxRenderer.Lib.csproj", "{C9FBDF4C-326C-4C93-865D-0FA40BF75745}"
EndProject
Project("{9A19103F-16F7-4668-BE54-9A1E7A4F7556}") = "GfxRenderer.Bench", "GfxRenderer.Bench\GfxRenderer.Bench.csproj", "{C5CCE680-F0D7-4C08-B855-82CD138688BB}"
EndProject
Project("{9A19103F-16F7-4668-BE54-9A1E7A4F7556}") = "GfxRenderer.Test", "GfxRenderer.Test\GfxRenderer.Test.csproj", "{61BDF22C-D75A-476D-9C63-4AC56892A9A6}"
EndProject
Project("{9A19103F-16F7-4668-BE54-9A1E7A4F7556}") = "GfxRenderer.ThreeMFReader", "GfxRenderer.ThreeMFReader\GfxRenderer.ThreeMFReader.csproj", "{952DBF09-F5D8-4700-B71C-957CE445ECAA}"
EndProject
Global
	GlobalSection(SolutionConfigurationPlatforms) = preSolution
		Debug|Any CPU = Debug|Any CPU
		Release|Any CPU = Release|Any CPU
	EndGlobalSection
	GlobalSection(ProjectConfigurationPlatforms) = postSolution
		{5CCEF6E1-FAD6-4F04-B17C-F53EFB29F58C}.Debug|Any CPU.ActiveCfg = Debug|Any CPU
		{5CCEF6E1-FAD6-4F04-B17C-F53EFB29F58C}.Debug|Any CPU.Build.0 = Debug|Any CPU
		{5CCEF6E1-FAD6-4F04-B17C-F53EFB29F58C}.Release|Any CPU.ActiveCfg = Release|Any CPU
		{5CCEF6E1-FAD6-4F04-B17C-F53EFB29F58C}.Release|Any CPU.Build.0 = Release|Any CPU
		{C9FBDF4C-326C-4C93-865D-0FA40BF75745}.Debug|Any CPU.ActiveCfg = Debug|Any CPU
		{C9FBDF4C-326C-4C93-865D-0FA40BF75745}.Debug|Any CPU.Build.0 = Debug|Any CPU
		{C9FBDF4C-326C-4C93-865D-0FA40BF75745}.Release|Any CPU.ActiveCfg = Release|Any CPU
		{C9FBDF4C-326C-4C93-865D-0FA40BF75745}.Release|Any CPU.Build.0 = Release|Any CPU
		{C5CCE680-F0D7-4C08-B855-82CD138688BB}.Debug|Any CPU.ActiveCfg = Debug|Any CPU
		{C5CCE680-F0D7-4C08-B855-82CD138688BB}.Debug|Any CPU.Build.0 = Debug|Any CPU
		{C5CCE680-F0D7-4C08-B855-82CD138688BB}.Release|Any CPU.ActiveCfg = Release|Any CPU
		{C5CCE680-F0D7-4C08-B855-82CD138688BB}.Release|Any CPU.Build.0 = Release|Any CPU
		{61BDF22C-D75A-476D-9C63-4AC56892A9A6}.Debug|Any CPU.ActiveCfg = Debug|Any CPU
		{61BDF22C-D75A-476D-9C63-4AC56892A9A6}.Debug|Any CPU.Build.0 = Debug|Any CPU
		{61BDF22C-D75A-476D-9C63-4AC56892A9A6}.Release|Any CPU.ActiveCfg = Release|Any CPU
		{61BDF22C-D75A-476D-9C63-4AC56892A9A6}.Release|Any CPU.Build.0 = Release|Any CPU
		{952DBF09-F5D8-4700-B71C-957CE445ECAA}.Debug|Any CPU.ActiveCfg = Debug|Any CPU
		{952DBF09-F5D8-4700-B71C-957CE445ECAA}.Debug|Any CPU.Build.0 = Debug|Any CPU
		{952DBF09-F5D8-4700-B71C-957CE445ECAA}.Release|Any CPU.ActiveCfg = Release|Any CPU
		{952DBF09-F5D8-4700-B71C-957CE445ECAA}.Release|Any CPU.Build.0 = Release|Any CPU
	EndGlobalSection
	GlobalSection(SolutionProperties) = preSolution
		HideSolutionNode = FALSE
	EndGlobalSection
	GlobalSection(ExtensibilityGlobals) = postSolution
		SolutionGuid = {B2D418FC-4250-48BB-B1D8-7D34C952AEB3}
	EndGlobalSection
EndGlobal
